
Microsoft Visual Studio Solution File, Format Version 12.00
# Visual Studio 14
VisualStudioVersion = 14.0.24720.0
MinimumVisualStudioVersion = 10.0.40219.1
Project("{FAE04EC0-301F-11D3-BF4B-00C04F79EFBC}") = "FourStationDemura", "FourStationDemura\FourStationDemura.csproj", "{58260D45-AEEC-47C7-BDFC-3499E381D555}"
EndProject
Project("{FAE04EC0-301F-11D3-BF4B-00C04F79EFBC}") = "Common", "Common\Common.csproj", "{B3EDAF3E-1FB2-466F-9057-D575D5CAD60E}"
EndProject
Project("{FAE04EC0-301F-11D3-BF4B-00C04F79EFBC}") = "Model", "Model\Model.csproj", "{82FB073D-818F-4567-889A-D8438BADBC51}"
EndProject
Global
	GlobalSection(SolutionConfigurationPlatforms) = preSolution
		Debug|Any CPU = Debug|Any CPU
		Release|Any CPU = Release|Any CPU
	EndGlobalSection
	GlobalSection(ProjectConfigurationPlatforms) = postSolution
		{58260D45-AEEC-47C7-BDFC-3499E381D555}.Debug|Any CPU.ActiveCfg = Debug|Any CPU
		{58260D45-AEEC-47C7-BDFC-3499E381D555}.Debug|Any CPU.Build.0 = Debug|Any CPU
		{58260D45-AEEC-47C7-BDFC-3499E381D555}.Release|Any CPU.ActiveCfg = Release|Any CPU
		{58260D45-AEEC-47C7-BDFC-3499E381D555}.Release|Any CPU.Build.0 = Release|Any CPU
		{B3EDAF3E-1FB2-466F-9057-D575D5CAD60E}.Debug|Any CPU.ActiveCfg = Debug|Any CPU
		{B3EDAF3E-1FB2-466F-9057-D575D5CAD60E}.Debug|Any CPU.Build.0 = Debug|Any CPU
		{B3EDAF3E-1FB2-466F-9057-D575D5CAD60E}.Release|Any CPU.ActiveCfg = Release|Any CPU
		{B3EDAF3E-1FB2-466F-9057-D575D5CAD60E}.Release|Any CPU.Build.0 = Release|Any CPU
		{82FB073D-818F-4567-889A-D8438BADBC51}.Debug|Any CPU.ActiveCfg = Debug|Any CPU
		{82FB073D-818F-4567-889A-D8438BADBC51}.Debug|Any CPU.Build.0 = Debug|Any CPU
		{82FB073D-818F-4567-889A-D8438BADBC51}.Release|Any CPU.ActiveCfg = Release|Any CPU
		{82FB073D-818F-4567-889A-D8438BADBC51}.Release|Any CPU.Build.0 = Release|Any CPU
	EndGlobalSection
	GlobalSection(SolutionProperties) = preSolution
		HideSolutionNode = FALSE
	EndGlobalSection
	GlobalSection(ExtensibilityGlobals) = postSolution
		SolutionGuid = {B777D0C6-1817-4DFF-8F33-85E07FECE11F}
	EndGlobalSection
EndGlobal
